
Microsoft Visual Studio Solution File, Format Version 12.00
# Visual Studio 15
VisualStudioVersion = 15.0.27130.2036
MinimumVisualStudioVersion = 10.0.40219.1
Project("{FAE04EC0-301F-11D3-BF4B-00C04F79EFBC}") = "MVCDemo", "MVCDemo\MVCDemo.csproj", "{16920F85-E710-4E0F-9C09-B7DF1A59E199}"
EndProject
Global
	GlobalSection(SolutionConfigurationPlatforms) = preSolution
		Debug|Any CPU = Debug|Any CPU
		Release|Any CPU = Release|Any CPU
	EndGlobalSection
	GlobalSection(ProjectConfigurationPlatforms) = postSolution
		{16920F85-E710-4E0F-9C09-B7DF1A59E199}.Debug|Any CPU.ActiveCfg = Debug|Any CPU
		{16920F85-E710-4E0F-9C09-B7DF1A59E199}.Debug|Any CPU.Build.0 = Debug|Any CPU
		{16920F85-E710-4E0F-9C09-B7DF1A59E199}.Release|Any CPU.ActiveCfg = Release|Any CPU
		{16920F85-E710-4E0F-9C09-B7DF1A59E199}.Release|Any CPU.Build.0 = Release|Any CPU
	EndGlobalSection
	GlobalSection(SolutionProperties) = preSolution
		HideSolutionNode = FALSE
	EndGlobalSection
	GlobalSection(ExtensibilityGlobals) = postSolution
		SolutionGuid = {DF35F254-6067-4C38-B3B1-5638BA8E1A1F}
	EndGlobalSection
EndGlobal
